
Microsoft Visual Studio Solution File, Format Version 12.00
# Visual Studio 14
VisualStudioVersion = 14.0.25420.1
MinimumVisualStudioVersion = 10.0.40219.1
Project("{FAE04EC0-301F-11D3-BF4B-00C04F79EFBC}") = "Common", "Common\Common.csproj", "{81DD56A9-C7EC-4C0B-82C8-332C8E8178CD}"
EndProject
Project("{FAE04EC0-301F-11D3-BF4B-00C04F79EFBC}") = "CourseTests", "CourseTests\CourseTests.csproj", "{28356B75-E743-4F71-892B-9A54DD75A77B}"
EndProject
Project("{FAE04EC0-301F-11D3-BF4B-00C04F79EFBC}") = "CourseOrder", "CourseOrder\CourseOrder.csproj", "{C4F98B3F-058B-4048-B8BD-0EA289097BF3}"
EndProject
Project("{2150E333-8FDC-42A3-9474-1A3956D46DE8}") = "Solution Items", "Solution Items", "{034128A4-24CB-4F16-9D66-7B8E7A439D0E}"
	ProjectSection(SolutionItems) = preProject
		Interview_Project_Instructions.docx = Interview_Project_Instructions.docx
	EndProjectSection
EndProject
Global
	GlobalSection(SolutionConfigurationPlatforms) = preSolution
		Debug|Any CPU = Debug|Any CPU
		Release|Any CPU = Release|Any CPU
	EndGlobalSection
	GlobalSection(ProjectConfigurationPlatforms) = postSolution
		{81DD56A9-C7EC-4C0B-82C8-332C8E8178CD}.Debug|Any CPU.ActiveCfg = Debug|Any CPU
		{81DD56A9-C7EC-4C0B-82C8-332C8E8178CD}.Debug|Any CPU.Build.0 = Debug|Any CPU
		{81DD56A9-C7EC-4C0B-82C8-332C8E8178CD}.Release|Any CPU.ActiveCfg = Release|Any CPU
		{81DD56A9-C7EC-4C0B-82C8-332C8E8178CD}.Release|Any CPU.Build.0 = Release|Any CPU
		{28356B75-E743-4F71-892B-9A54DD75A77B}.Debug|Any CPU.ActiveCfg = Debug|Any CPU
		{28356B75-E743-4F71-892B-9A54DD75A77B}.Debug|Any CPU.Build.0 = Debug|Any CPU
		{28356B75-E743-4F71-892B-9A54DD75A77B}.Release|Any CPU.ActiveCfg = Release|Any CPU
		{28356B75-E743-4F71-892B-9A54DD75A77B}.Release|Any CPU.Build.0 = Release|Any CPU
		{C4F98B3F-058B-4048-B8BD-0EA289097BF3}.Debug|Any CPU.ActiveCfg = Debug|Any CPU
		{C4F98B3F-058B-4048-B8BD-0EA289097BF3}.Debug|Any CPU.Build.0 = Debug|Any CPU
		{C4F98B3F-058B-4048-B8BD-0EA289097BF3}.Release|Any CPU.ActiveCfg = Release|Any CPU
		{C4F98B3F-058B-4048-B8BD-0EA289097BF3}.Release|Any CPU.Build.0 = Release|Any CPU
	EndGlobalSection
	GlobalSection(SolutionProperties) = preSolution
		HideSolutionNode = FALSE
	EndGlobalSection
EndGlobal
